
Microsoft Visual Studio Solution File, Format Version 12.00
# Visual Studio Version 17
VisualStudioVersion = 17.9.34728.123
MinimumVisualStudioVersion = 10.0.40219.1
Project("{8BC9CEB8-8B4A-11D0-8D11-00A0C91BC942}") = "if_2", "if_2\if_2.vcxproj", "{C49573B3-2DB1-439B-9C98-4BFCB4C028DF}"
EndProject
Global
	GlobalSection(SolutionConfigurationPlatforms) = preSolution
		Debug|x64 = Debug|x64
		Debug|x86 = Debug|x86
		Release|x64 = Release|x64
		Release|x86 = Release|x86
	EndGlobalSection
	GlobalSection(ProjectConfigurationPlatforms) = postSolution
		{C49573B3-2DB1-439B-9C98-4BFCB4C028DF}.Debug|x64.ActiveCfg = Debug|x64
		{C49573B3-2DB1-439B-9C98-4BFCB4C028DF}.Debug|x64.Build.0 = Debug|x64
		{C49573B3-2DB1-439B-9C98-4BFCB4C028DF}.Debug|x86.ActiveCfg = Debug|Win32
		{C49573B3-2DB1-439B-9C98-4BFCB4C028DF}.Debug|x86.Build.0 = Debug|Win32
		{C49573B3-2DB1-439B-9C98-4BFCB4C028DF}.Release|x64.ActiveCfg = Release|x64
		{C49573B3-2DB1-439B-9C98-4BFCB4C028DF}.Release|x64.Build.0 = Release|x64
		{C49573B3-2DB1-439B-9C98-4BFCB4C028DF}.Release|x86.ActiveCfg = Release|Win32
		{C49573B3-2DB1-439B-9C98-4BFCB4C028DF}.Release|x86.Build.0 = Release|Win32
	EndGlobalSection
	GlobalSection(SolutionProperties) = preSolution
		HideSolutionNode = FALSE
	EndGlobalSection
	GlobalSection(ExtensibilityGlobals) = postSolution
		SolutionGuid = {D7FEE355-F8B5-448F-A5BD-4521A6660FED}
	EndGlobalSection
EndGlobal
